{
  "name": "async-cell",
  "version": "1.0.0",
  "lockfileVersion": 2,
  "requires": true,
  "packages": {
    "": {
      "version": "1.0.0",
      "license": "Unlicense",
      "devDependencies": {
        "@types/node": "^15.3.1",
        "typescript": "^4.2.4"
      }
    },
    "node_modules/@types/node": {
      "version": "15.3.1",
      "resolved": "https://registry.npmjs.org/@types/node/-/node-15.3.1.tgz",
      "integrity": "sha512-weaeiP4UF4XgF++3rpQhpIJWsCTS4QJw5gvBhQu6cFIxTwyxWIe3xbnrY/o2lTCQ0lsdb8YIUDUvLR4Vuz5rbw==",
      "dev": true
    },
    "node_modules/typescript": {
      "version": "4.2.4",
      "resolved": "https://registry.npmjs.org/typescript/-/typescript-4.2.4.tgz",
      "integrity": "sha512-V+evlYHZnQkaz8TRBuxTA92yZBPotr5H+WhQ7bD3hZUndx5tGOa1fuCgeSjxAzM1RiN5IzvadIXTVefuuwZCRg==",
      "dev": true,
      "bin": {
        "tsc": "bin/tsc",
        "tsserver": "bin/tsserver"
      },
      "engines": {
        "node": ">=4.2.0"
      }
    }
  },
  "dependencies": {
    "@types/node": {
      "version": "15.3.1",
      "resolved": "https://registry.npmjs.org/@types/node/-/node-15.3.1.tgz",
      "integrity": "sha512-weaeiP4UF4XgF++3rpQhpIJWsCTS4QJw5gvBhQu6cFIxTwyxWIe3xbnrY/o2lTCQ0lsdb8YIUDUvLR4Vuz5rbw==",
      "dev": true
    },
    "typescript": {
      "version": "4.2.4",
      "resolved": "https://registry.npmjs.org/typescript/-/typescript-4.2.4.tgz",
      "integrity": "sha512-V+evlYHZnQkaz8TRBuxTA92yZBPotr5H+WhQ7bD3hZUndx5tGOa1fuCgeSjxAzM1RiN5IzvadIXTVefuuwZCRg==",
      "dev": true
    }
  }
}
